{
  "name": "react-native-process-shim",
  "version": "1.0.0",
  "lockfileVersion": 1,
  "requires": true,
  "dependencies": {
    "@staltz/react-native-os": {
      "version": "1.2.0",
      "resolved": "https://registry.npmjs.org/@staltz/react-native-os/-/react-native-os-1.2.0.tgz",
      "integrity": "sha512-cgaQHlnmRaeuFsLtlG7GaRav15u2j0WF2pHHzLC+IBMPcIy9oP/VCS/8+OiYTuyDo+Z9cVqGFPWCrCDCMwkEtg=="
    }
  }
}
